
Microsoft Visual Studio Solution File, Format Version 12.00
# Visual Studio Version 16
VisualStudioVersion = 16.0.34601.136
MinimumVisualStudioVersion = 10.0.40219.1
Project("{FAE04EC0-301F-11D3-BF4B-00C04F79EFBC}") = "ValidatorAssignment", "ValidatorAssignment.csproj", "{FD3DC5D1-571C-4EDC-822F-2A97A358AAFC}"
EndProject
Global
	GlobalSection(SolutionConfigurationPlatforms) = preSolution
		Debug|Any CPU = Debug|Any CPU
		Release|Any CPU = Release|Any CPU
	EndGlobalSection
	GlobalSection(ProjectConfigurationPlatforms) = postSolution
		{FD3DC5D1-571C-4EDC-822F-2A97A358AAFC}.Debug|Any CPU.ActiveCfg = Debug|Any CPU
		{FD3DC5D1-571C-4EDC-822F-2A97A358AAFC}.Debug|Any CPU.Build.0 = Debug|Any CPU
		{FD3DC5D1-571C-4EDC-822F-2A97A358AAFC}.Release|Any CPU.ActiveCfg = Release|Any CPU
		{FD3DC5D1-571C-4EDC-822F-2A97A358AAFC}.Release|Any CPU.Build.0 = Release|Any CPU
	EndGlobalSection
	GlobalSection(SolutionProperties) = preSolution
		HideSolutionNode = FALSE
	EndGlobalSection
	GlobalSection(ExtensibilityGlobals) = postSolution
		SolutionGuid = {7CA3766F-1F04-474C-96E3-5CEE32E40D90}
	EndGlobalSection
EndGlobal
