
Microsoft Visual Studio Solution File, Format Version 12.00
# Visual Studio Version 16
VisualStudioVersion = 16.0.34601.136
MinimumVisualStudioVersion = 10.0.40219.1
Project("{FAE04EC0-301F-11D3-BF4B-00C04F79EFBC}") = "Assessment_MVC_Q2", "Assessment_MVC_Q2.csproj", "{DB0E9B45-68BA-49C8-9E4A-573801CED6D0}"
EndProject
Global
	GlobalSection(SolutionConfigurationPlatforms) = preSolution
		Debug|Any CPU = Debug|Any CPU
		Release|Any CPU = Release|Any CPU
	EndGlobalSection
	GlobalSection(ProjectConfigurationPlatforms) = postSolution
		{DB0E9B45-68BA-49C8-9E4A-573801CED6D0}.Debug|Any CPU.ActiveCfg = Debug|Any CPU
		{DB0E9B45-68BA-49C8-9E4A-573801CED6D0}.Debug|Any CPU.Build.0 = Debug|Any CPU
		{DB0E9B45-68BA-49C8-9E4A-573801CED6D0}.Release|Any CPU.ActiveCfg = Release|Any CPU
		{DB0E9B45-68BA-49C8-9E4A-573801CED6D0}.Release|Any CPU.Build.0 = Release|Any CPU
	EndGlobalSection
	GlobalSection(SolutionProperties) = preSolution
		HideSolutionNode = FALSE
	EndGlobalSection
	GlobalSection(ExtensibilityGlobals) = postSolution
		SolutionGuid = {8C2C2AFD-081F-482C-B80A-11145FD4E423}
	EndGlobalSection
EndGlobal
