
Microsoft Visual Studio Solution File, Format Version 12.00
# Visual Studio Version 17
VisualStudioVersion = 17.9.34728.123
MinimumVisualStudioVersion = 10.0.40219.1
Project("{FAE04EC0-301F-11D3-BF4B-00C04F79EFBC}") = "Ecart_Application", "Ecart_Application.csproj", "{88272612-C66E-418D-A9B8-4C00E2738025}"
EndProject
Global
	GlobalSection(SolutionConfigurationPlatforms) = preSolution
		Debug|Any CPU = Debug|Any CPU
		Release|Any CPU = Release|Any CPU
	EndGlobalSection
	GlobalSection(ProjectConfigurationPlatforms) = postSolution
		{88272612-C66E-418D-A9B8-4C00E2738025}.Debug|Any CPU.ActiveCfg = Debug|Any CPU
		{88272612-C66E-418D-A9B8-4C00E2738025}.Debug|Any CPU.Build.0 = Debug|Any CPU
		{88272612-C66E-418D-A9B8-4C00E2738025}.Release|Any CPU.ActiveCfg = Release|Any CPU
		{88272612-C66E-418D-A9B8-4C00E2738025}.Release|Any CPU.Build.0 = Release|Any CPU
	EndGlobalSection
	GlobalSection(SolutionProperties) = preSolution
		HideSolutionNode = FALSE
	EndGlobalSection
	GlobalSection(ExtensibilityGlobals) = postSolution
		SolutionGuid = {52A64E47-583B-46EA-964B-6EE31756B9EC}
	EndGlobalSection
EndGlobal
